
Microsoft Visual Studio Solution File, Format Version 12.00
# Visual Studio 2013
VisualStudioVersion = 12.0.31101.0
MinimumVisualStudioVersion = 10.0.40219.1
Project("{FAE04EC0-301F-11D3-BF4B-00C04F79EFBC}") = "SSN_II_Robot", "SSN_II_Robot\SSN_II_Robot.csproj", "{91C1E124-D82C-471F-9A2C-5BD92436EC7E}"
EndProject
Project("{FAE04EC0-301F-11D3-BF4B-00C04F79EFBC}") = "AminExceptions", "AminExceptions\AminExceptions.csproj", "{EE18295A-173D-4EFF-82C8-03EDFA361F6D}"
EndProject
Project("{FAE04EC0-301F-11D3-BF4B-00C04F79EFBC}") = "CPower", "CPower\CPower.csproj", "{CA9A906F-5BB2-464A-8D5D-E7A59C7D66AD}"
EndProject
Project("{FAE04EC0-301F-11D3-BF4B-00C04F79EFBC}") = "CButtons", "CButtons\CButtons.csproj", "{18F1F3FC-FFE3-4F70-8FE3-4E9085A820AA}"
EndProject
Project("{FAE04EC0-301F-11D3-BF4B-00C04F79EFBC}") = "CInputs", "CInputs\CInputs.csproj", "{60847851-E496-4683-A78A-7019A6B8A75F}"
EndProject
Project("{FAE04EC0-301F-11D3-BF4B-00C04F79EFBC}") = "CGamepad", "CGamepad\CGamepad.csproj", "{944A70E7-8C87-4176-BBEC-D846B59922DC}"
EndProject
Project("{FAE04EC0-301F-11D3-BF4B-00C04F79EFBC}") = "CSettings", "CSettings\CSettings.csproj", "{780C5288-074F-48BA-8B80-A3B8D623C2C3}"
EndProject
Project("{FAE04EC0-301F-11D3-BF4B-00C04F79EFBC}") = "CMotors", "CMotors\CMotors.csproj", "{708FF791-4ACC-4776-B735-78E51CCE777F}"
EndProject
Project("{FAE04EC0-301F-11D3-BF4B-00C04F79EFBC}") = "CServo", "CServo\CServo.csproj", "{8EA18532-851F-4241-A155-92D4B6D254B0}"
EndProject
Project("{FAE04EC0-301F-11D3-BF4B-00C04F79EFBC}") = "CSound", "CSound\CSound.csproj", "{1B5A103E-6F47-4A2A-8BF8-2EFAF4EBB8E8}"
EndProject
Project("{FAE04EC0-301F-11D3-BF4B-00C04F79EFBC}") = "CKinect", "CKinect\CKinect.csproj", "{867EA1E7-8119-4D2F-8AD4-8BBD8C01F017}"
EndProject
Project("{FAE04EC0-301F-11D3-BF4B-00C04F79EFBC}") = "CSequence", "CSequence\CSequence.csproj", "{9B43CC24-244F-4B96-94DB-01E96DD8104C}"
EndProject
Project("{FAE04EC0-301F-11D3-BF4B-00C04F79EFBC}") = "CLeds", "CLeds\CLeds.csproj", "{2679F231-30E7-4935-982A-296C88FABB8E}"
EndProject
Project("{FAE04EC0-301F-11D3-BF4B-00C04F79EFBC}") = "CKinectVitruvius", "CKinectVitruvius\CKinectVitruvius.csproj", "{2FF14054-377F-445E-A427-192C0352EA46}"
EndProject
Global
	GlobalSection(SolutionConfigurationPlatforms) = preSolution
		Debug|Any CPU = Debug|Any CPU
		Release|Any CPU = Release|Any CPU
	EndGlobalSection
	GlobalSection(ProjectConfigurationPlatforms) = postSolution
		{91C1E124-D82C-471F-9A2C-5BD92436EC7E}.Debug|Any CPU.ActiveCfg = Debug|Any CPU
		{91C1E124-D82C-471F-9A2C-5BD92436EC7E}.Debug|Any CPU.Build.0 = Debug|Any CPU
		{91C1E124-D82C-471F-9A2C-5BD92436EC7E}.Release|Any CPU.ActiveCfg = Release|Any CPU
		{91C1E124-D82C-471F-9A2C-5BD92436EC7E}.Release|Any CPU.Build.0 = Release|Any CPU
		{EE18295A-173D-4EFF-82C8-03EDFA361F6D}.Debug|Any CPU.ActiveCfg = Debug|Any CPU
		{EE18295A-173D-4EFF-82C8-03EDFA361F6D}.Debug|Any CPU.Build.0 = Debug|Any CPU
		{EE18295A-173D-4EFF-82C8-03EDFA361F6D}.Release|Any CPU.ActiveCfg = Release|Any CPU
		{EE18295A-173D-4EFF-82C8-03EDFA361F6D}.Release|Any CPU.Build.0 = Release|Any CPU
		{CA9A906F-5BB2-464A-8D5D-E7A59C7D66AD}.Debug|Any CPU.ActiveCfg = Debug|Any CPU
		{CA9A906F-5BB2-464A-8D5D-E7A59C7D66AD}.Debug|Any CPU.Build.0 = Debug|Any CPU
		{CA9A906F-5BB2-464A-8D5D-E7A59C7D66AD}.Release|Any CPU.ActiveCfg = Release|Any CPU
		{CA9A906F-5BB2-464A-8D5D-E7A59C7D66AD}.Release|Any CPU.Build.0 = Release|Any CPU
		{18F1F3FC-FFE3-4F70-8FE3-4E9085A820AA}.Debug|Any CPU.ActiveCfg = Debug|Any CPU
		{18F1F3FC-FFE3-4F70-8FE3-4E9085A820AA}.Debug|Any CPU.Build.0 = Debug|Any CPU
		{18F1F3FC-FFE3-4F70-8FE3-4E9085A820AA}.Release|Any CPU.ActiveCfg = Release|Any CPU
		{18F1F3FC-FFE3-4F70-8FE3-4E9085A820AA}.Release|Any CPU.Build.0 = Release|Any CPU
		{60847851-E496-4683-A78A-7019A6B8A75F}.Debug|Any CPU.ActiveCfg = Debug|Any CPU
		{60847851-E496-4683-A78A-7019A6B8A75F}.Debug|Any CPU.Build.0 = Debug|Any CPU
		{60847851-E496-4683-A78A-7019A6B8A75F}.Release|Any CPU.ActiveCfg = Release|Any CPU
		{60847851-E496-4683-A78A-7019A6B8A75F}.Release|Any CPU.Build.0 = Release|Any CPU
		{944A70E7-8C87-4176-BBEC-D846B59922DC}.Debug|Any CPU.ActiveCfg = Debug|Any CPU
		{944A70E7-8C87-4176-BBEC-D846B59922DC}.Debug|Any CPU.Build.0 = Debug|Any CPU
		{944A70E7-8C87-4176-BBEC-D846B59922DC}.Release|Any CPU.ActiveCfg = Release|Any CPU
		{944A70E7-8C87-4176-BBEC-D846B59922DC}.Release|Any CPU.Build.0 = Release|Any CPU
		{780C5288-074F-48BA-8B80-A3B8D623C2C3}.Debug|Any CPU.ActiveCfg = Debug|Any CPU
		{780C5288-074F-48BA-8B80-A3B8D623C2C3}.Debug|Any CPU.Build.0 = Debug|Any CPU
		{780C5288-074F-48BA-8B80-A3B8D623C2C3}.Release|Any CPU.ActiveCfg = Release|Any CPU
		{780C5288-074F-48BA-8B80-A3B8D623C2C3}.Release|Any CPU.Build.0 = Release|Any CPU
		{708FF791-4ACC-4776-B735-78E51CCE777F}.Debug|Any CPU.ActiveCfg = Debug|Any CPU
		{708FF791-4ACC-4776-B735-78E51CCE777F}.Debug|Any CPU.Build.0 = Debug|Any CPU
		{708FF791-4ACC-4776-B735-78E51CCE777F}.Release|Any CPU.ActiveCfg = Release|Any CPU
		{708FF791-4ACC-4776-B735-78E51CCE777F}.Release|Any CPU.Build.0 = Release|Any CPU
		{8EA18532-851F-4241-A155-92D4B6D254B0}.Debug|Any CPU.ActiveCfg = Debug|Any CPU
		{8EA18532-851F-4241-A155-92D4B6D254B0}.Debug|Any CPU.Build.0 = Debug|Any CPU
		{8EA18532-851F-4241-A155-92D4B6D254B0}.Release|Any CPU.ActiveCfg = Release|Any CPU
		{8EA18532-851F-4241-A155-92D4B6D254B0}.Release|Any CPU.Build.0 = Release|Any CPU
		{1B5A103E-6F47-4A2A-8BF8-2EFAF4EBB8E8}.Debug|Any CPU.ActiveCfg = Debug|Any CPU
		{1B5A103E-6F47-4A2A-8BF8-2EFAF4EBB8E8}.Debug|Any CPU.Build.0 = Debug|Any CPU
		{1B5A103E-6F47-4A2A-8BF8-2EFAF4EBB8E8}.Release|Any CPU.ActiveCfg = Release|Any CPU
		{1B5A103E-6F47-4A2A-8BF8-2EFAF4EBB8E8}.Release|Any CPU.Build.0 = Release|Any CPU
		{867EA1E7-8119-4D2F-8AD4-8BBD8C01F017}.Debug|Any CPU.ActiveCfg = Debug|Any CPU
		{867EA1E7-8119-4D2F-8AD4-8BBD8C01F017}.Debug|Any CPU.Build.0 = Debug|Any CPU
		{867EA1E7-8119-4D2F-8AD4-8BBD8C01F017}.Release|Any CPU.ActiveCfg = Release|Any CPU
		{867EA1E7-8119-4D2F-8AD4-8BBD8C01F017}.Release|Any CPU.Build.0 = Release|Any CPU
		{9B43CC24-244F-4B96-94DB-01E96DD8104C}.Debug|Any CPU.ActiveCfg = Debug|Any CPU
		{9B43CC24-244F-4B96-94DB-01E96DD8104C}.Debug|Any CPU.Build.0 = Debug|Any CPU
		{9B43CC24-244F-4B96-94DB-01E96DD8104C}.Release|Any CPU.ActiveCfg = Release|Any CPU
		{9B43CC24-244F-4B96-94DB-01E96DD8104C}.Release|Any CPU.Build.0 = Release|Any CPU
		{2679F231-30E7-4935-982A-296C88FABB8E}.Debug|Any CPU.ActiveCfg = Debug|Any CPU
		{2679F231-30E7-4935-982A-296C88FABB8E}.Debug|Any CPU.Build.0 = Debug|Any CPU
		{2679F231-30E7-4935-982A-296C88FABB8E}.Release|Any CPU.ActiveCfg = Release|Any CPU
		{2679F231-30E7-4935-982A-296C88FABB8E}.Release|Any CPU.Build.0 = Release|Any CPU
		{2FF14054-377F-445E-A427-192C0352EA46}.Debug|Any CPU.ActiveCfg = Debug|Any CPU
		{2FF14054-377F-445E-A427-192C0352EA46}.Debug|Any CPU.Build.0 = Debug|Any CPU
		{2FF14054-377F-445E-A427-192C0352EA46}.Release|Any CPU.ActiveCfg = Release|Any CPU
		{2FF14054-377F-445E-A427-192C0352EA46}.Release|Any CPU.Build.0 = Release|Any CPU
	EndGlobalSection
	GlobalSection(SolutionProperties) = preSolution
		HideSolutionNode = FALSE
	EndGlobalSection
EndGlobal
